// !$*UTF8*$!
{
	archiveVersion = 1;
	classes = {
	};
	objectVersion = 55;
	objects = {

/* Begin PBXBuildFile section */
		4702C9E8282C582700FF0E4B /* TitlePreviewViewController.swift in Sources */ = {isa = PBXBuildFile; fileRef = 4702C9E7282C582700FF0E4B /* TitlePreviewViewController.swift */; };
		4702C9EA282C5A9200FF0E4B /* TitlePreviewViewModel.swift in Sources */ = {isa = PBXBuildFile; fileRef = 4702C9E9282C5A9200FF0E4B /* TitlePreviewViewModel.swift */; };
		4732A094282A92AF00A751EE /* YoutubeSearchResponse.swift in Sources */ = {isa = PBXBuildFile; fileRef = 4732A093282A92AF00A751EE /* YoutubeSearchResponse.swift */; };
		476010A4281042EA007C460E /* AppDelegate.swift in Sources */ = {isa = PBXBuildFile; fileRef = 476010A3281042EA007C460E /* AppDelegate.swift */; };
		476010A6281042EA007C460E /* SceneDelegate.swift in Sources */ = {isa = PBXBuildFile; fileRef = 476010A5281042EA007C460E /* SceneDelegate.swift */; };
		476010A8281042EA007C460E /* MainTabBarViewController.swift in Sources */ = {isa = PBXBuildFile; fileRef = 476010A7281042EA007C460E /* MainTabBarViewController.swift */; };
		476010AD281042EB007C460E /* Assets.xcassets in Resources */ = {isa = PBXBuildFile; fileRef = 476010AC281042EB007C460E /* Assets.xcassets */; };
		476010B0281042EB007C460E /* LaunchScreen.storyboard in Resources */ = {isa = PBXBuildFile; fileRef = 476010AE281042EB007C460E /* LaunchScreen.storyboard */; };
		476010B928104956007C460E /* HomeViewController.swift in Sources */ = {isa = PBXBuildFile; fileRef = 476010B828104956007C460E /* HomeViewController.swift */; };
		476010BB28107D59007C460E /* UpcomingViewController.swift in Sources */ = {isa = PBXBuildFile; fileRef = 476010BA28107D59007C460E /* UpcomingViewController.swift */; };
		476010BD28107D61007C460E /* SearchViewController.swift in Sources */ = {isa = PBXBuildFile; fileRef = 476010BC28107D61007C460E /* SearchViewController.swift */; };
		476010BF28107D6A007C460E /* DownloadsViewController.swift in Sources */ = {isa = PBXBuildFile; fileRef = 476010BE28107D6A007C460E /* DownloadsViewController.swift */; };
		476010C62810835F007C460E /* CollectionViewTableViewCell.swift in Sources */ = {isa = PBXBuildFile; fileRef = 476010C52810835F007C460E /* CollectionViewTableViewCell.swift */; };
		476010C828108800007C460E /* HeroHeaderUIView.swift in Sources */ = {isa = PBXBuildFile; fileRef = 476010C728108800007C460E /* HeroHeaderUIView.swift */; };
		47A51DBC28158EE9001ED525 /* TitleCollectionViewCell.swift in Sources */ = {isa = PBXBuildFile; fileRef = 47A51DBB28158EE9001ED525 /* TitleCollectionViewCell.swift */; };
		47A51DBF28159512001ED525 /* SDWebImage in Frameworks */ = {isa = PBXBuildFile; productRef = 47A51DBE28159512001ED525 /* SDWebImage */; };
		47A51DC128159512001ED525 /* SDWebImageMapKit in Frameworks */ = {isa = PBXBuildFile; productRef = 47A51DC028159512001ED525 /* SDWebImageMapKit */; };
		47BB3B262826E5B50053EAE8 /* TitleTableViewCell.swift in Sources */ = {isa = PBXBuildFile; fileRef = 47BB3B252826E5B50053EAE8 /* TitleTableViewCell.swift */; };
		47BB3B282826E9390053EAE8 /* TitleViewModel.swift in Sources */ = {isa = PBXBuildFile; fileRef = 47BB3B272826E9390053EAE8 /* TitleViewModel.swift */; };
		47BB3B2A2827E2E10053EAE8 /* SearchResultViewController.swift in Sources */ = {isa = PBXBuildFile; fileRef = 47BB3B292827E2E10053EAE8 /* SearchResultViewController.swift */; };
		47CD822A282D0A1000BD7D11 /* NetflixCloneModel.xcdatamodeld in Sources */ = {isa = PBXBuildFile; fileRef = 47CD8228282D0A1000BD7D11 /* NetflixCloneModel.xcdatamodeld */; };
		47CD822C282D0B3100BD7D11 /* DataPersistenceManager.swift in Sources */ = {isa = PBXBuildFile; fileRef = 47CD822B282D0B3000BD7D11 /* DataPersistenceManager.swift */; };
		47F0029F281181FF00D02B41 /* APICaller.swift in Sources */ = {isa = PBXBuildFile; fileRef = 47F0029E281181FF00D02B41 /* APICaller.swift */; };
		47F002A1281185C800D02B41 /* Title.swift in Sources */ = {isa = PBXBuildFile; fileRef = 47F002A0281185C800D02B41 /* Title.swift */; };
/* End PBXBuildFile section */

/* Begin PBXFileReference section */
		4702C9E7282C582700FF0E4B /* TitlePreviewViewController.swift */ = {isa = PBXFileReference; lastKnownFileType = sourcecode.swift; path = TitlePreviewViewController.swift; sourceTree = "<group>"; };
		4702C9E9282C5A9200FF0E4B /* TitlePreviewViewModel.swift */ = {isa = PBXFileReference; lastKnownFileType = sourcecode.swift; path = TitlePreviewViewModel.swift; sourceTree = "<group>"; };
		4732A093282A92AF00A751EE /* YoutubeSearchResponse.swift */ = {isa = PBXFileReference; lastKnownFileType = sourcecode.swift; path = YoutubeSearchResponse.swift; sourceTree = "<group>"; };
		476010A0281042EA007C460E /* Netflix Clone.app */ = {isa = PBXFileReference; explicitFileType = wrapper.application; includeInIndex = 0; path = "Netflix Clone.app"; sourceTree = BUILT_PRODUCTS_DIR; };
		476010A3281042EA007C460E /* AppDelegate.swift */ = {isa = PBXFileReference; lastKnownFileType = sourcecode.swift; path = AppDelegate.swift; sourceTree = "<group>"; };
		476010A5281042EA007C460E /* SceneDelegate.swift */ = {isa = PBXFileReference; lastKnownFileType = sourcecode.swift; path = SceneDelegate.swift; sourceTree = "<group>"; };
		476010A7281042EA007C460E /* MainTabBarViewController.swift */ = {isa = PBXFileReference; lastKnownFileType = sourcecode.swift; path = MainTabBarViewController.swift; sourceTree = "<group>"; };
		476010AC281042EB007C460E /* Assets.xcassets */ = {isa = PBXFileReference; lastKnownFileType = folder.assetcatalog; path = Assets.xcassets; sourceTree = "<group>"; };
		476010AF281042EB007C460E /* Base */ = {isa = PBXFileReference; lastKnownFileType = file.storyboard; name = Base; path = Base.lproj/LaunchScreen.storyboard; sourceTree = "<group>"; };
		476010B1281042EB007C460E /* Info.plist */ = {isa = PBXFileReference; lastKnownFileType = text.plist.xml; path = Info.plist; sourceTree = "<group>"; };
		476010B828104956007C460E /* HomeViewController.swift */ = {isa = PBXFileReference; lastKnownFileType = sourcecode.swift; path = HomeViewController.swift; sourceTree = "<group>"; };
		476010BA28107D59007C460E /* UpcomingViewController.swift */ = {isa = PBXFileReference; lastKnownFileType = sourcecode.swift; path = UpcomingViewController.swift; sourceTree = "<group>"; };
		476010BC28107D61007C460E /* SearchViewController.swift */ = {isa = PBXFileReference; lastKnownFileType = sourcecode.swift; path = SearchViewController.swift; sourceTree = "<group>"; };
		476010BE28107D6A007C460E /* DownloadsViewController.swift */ = {isa = PBXFileReference; lastKnownFileType = sourcecode.swift; path = DownloadsViewController.swift; sourceTree = "<group>"; };
		476010C52810835F007C460E /* CollectionViewTableViewCell.swift */ = {isa = PBXFileReference; lastKnownFileType = sourcecode.swift; path = CollectionViewTableViewCell.swift; sourceTree = "<group>"; };
		476010C728108800007C460E /* HeroHeaderUIView.swift */ = {isa = PBXFileReference; lastKnownFileType = sourcecode.swift; path = HeroHeaderUIView.swift; sourceTree = "<group>"; };
		47A51DBB28158EE9001ED525 /* TitleCollectionViewCell.swift */ = {isa = PBXFileReference; lastKnownFileType = sourcecode.swift; path = TitleCollectionViewCell.swift; sourceTree = "<group>"; };
		47BB3B252826E5B50053EAE8 /* TitleTableViewCell.swift */ = {isa = PBXFileReference; lastKnownFileType = sourcecode.swift; path = TitleTableViewCell.swift; sourceTree = "<group>"; };
		47BB3B272826E9390053EAE8 /* TitleViewModel.swift */ = {isa = PBXFileReference; lastKnownFileType = sourcecode.swift; path = TitleViewModel.swift; sourceTree = "<group>"; };
		47BB3B292827E2E10053EAE8 /* SearchResultViewController.swift */ = {isa = PBXFileReference; lastKnownFileType = sourcecode.swift; path = SearchResultViewController.swift; sourceTree = "<group>"; };
		47CD8229282D0A1000BD7D11 /* NetflixCloneModel.xcdatamodel */ = {isa = PBXFileReference; lastKnownFileType = wrapper.xcdatamodel; path = NetflixCloneModel.xcdatamodel; sourceTree = "<group>"; };
		47CD822B282D0B3000BD7D11 /* DataPersistenceManager.swift */ = {isa = PBXFileReference; lastKnownFileType = sourcecode.swift; path = DataPersistenceManager.swift; sourceTree = "<group>"; };
		47F0029E281181FF00D02B41 /* APICaller.swift */ = {isa = PBXFileReference; lastKnownFileType = sourcecode.swift; path = APICaller.swift; sourceTree = "<group>"; };
		47F002A0281185C800D02B41 /* Title.swift */ = {isa = PBXFileReference; lastKnownFileType = sourcecode.swift; path = Title.swift; sourceTree = "<group>"; };
/* End PBXFileReference section */

/* Begin PBXFrameworksBuildPhase section */
		4760109D281042EA007C460E /* Frameworks */ = {
			isa = PBXFrameworksBuildPhase;
			buildActionMask = 2147483647;
			files = (
				47A51DC128159512001ED525 /* SDWebImageMapKit in Frameworks */,
				47A51DBF28159512001ED525 /* SDWebImage in Frameworks */,
			);
			runOnlyForDeploymentPostprocessing = 0;
		};
/* End PBXFrameworksBuildPhase section */

/* Begin PBXGroup section */
		47601097281042EA007C460E = {
			isa = PBXGroup;
			children = (
				476010A2281042EA007C460E /* Netflix Clone */,
				476010A1281042EA007C460E /* Products */,
			);
			sourceTree = "<group>";
		};
		476010A1281042EA007C460E /* Products */ = {
			isa = PBXGroup;
			children = (
				476010A0281042EA007C460E /* Netflix Clone.app */,
			);
			name = Products;
			sourceTree = "<group>";
		};
		476010A2281042EA007C460E /* Netflix Clone */ = {
			isa = PBXGroup;
			children = (
				476010C42810832D007C460E /* Managers */,
				476010C328108324007C460E /* Resources */,
				476010C228108306007C460E /* Models */,
				476010C0281082F2007C460E /* Views */,
				476010C1281082FC007C460E /* ViewModels */,
				476010B72810493F007C460E /* Controllers */,
				476010AC281042EB007C460E /* Assets.xcassets */,
				476010AE281042EB007C460E /* LaunchScreen.storyboard */,
				476010B1281042EB007C460E /* Info.plist */,
				47CD8228282D0A1000BD7D11 /* NetflixCloneModel.xcdatamodeld */,
			);
			path = "Netflix Clone";
			sourceTree = "<group>";
		};
		476010B72810493F007C460E /* Controllers */ = {
			isa = PBXGroup;
			children = (
				47BB3B2C2827E31D0053EAE8 /* General */,
				47BB3B2B2827E2FA0053EAE8 /* Core */,
			);
			path = Controllers;
			sourceTree = "<group>";
		};
		476010C0281082F2007C460E /* Views */ = {
			isa = PBXGroup;
			children = (
				476010C52810835F007C460E /* CollectionViewTableViewCell.swift */,
				476010C728108800007C460E /* HeroHeaderUIView.swift */,
				47A51DBB28158EE9001ED525 /* TitleCollectionViewCell.swift */,
				47BB3B252826E5B50053EAE8 /* TitleTableViewCell.swift */,
			);
			path = Views;
			sourceTree = "<group>";
		};
		476010C1281082FC007C460E /* ViewModels */ = {
			isa = PBXGroup;
			children = (
				47BB3B272826E9390053EAE8 /* TitleViewModel.swift */,
				4702C9E9282C5A9200FF0E4B /* TitlePreviewViewModel.swift */,
			);
			path = ViewModels;
			sourceTree = "<group>";
		};
		476010C228108306007C460E /* Models */ = {
			isa = PBXGroup;
			children = (
				47F002A0281185C800D02B41 /* Title.swift */,
				4732A093282A92AF00A751EE /* YoutubeSearchResponse.swift */,
			);
			path = Models;
			sourceTree = "<group>";
		};
		476010C328108324007C460E /* Resources */ = {
			isa = PBXGroup;
			children = (
				476010A3281042EA007C460E /* AppDelegate.swift */,
				476010A5281042EA007C460E /* SceneDelegate.swift */,
			);
			path = Resources;
			sourceTree = "<group>";
		};
		476010C42810832D007C460E /* Managers */ = {
			isa = PBXGroup;
			children = (
				47F0029E281181FF00D02B41 /* APICaller.swift */,
				47CD822B282D0B3000BD7D11 /* DataPersistenceManager.swift */,
			);
			path = Managers;
			sourceTree = "<group>";
		};
		47BB3B2B2827E2FA0053EAE8 /* Core */ = {
			isa = PBXGroup;
			children = (
				476010B828104956007C460E /* HomeViewController.swift */,
				476010BA28107D59007C460E /* UpcomingViewController.swift */,
				476010BC28107D61007C460E /* SearchViewController.swift */,
				476010BE28107D6A007C460E /* DownloadsViewController.swift */,
				476010A7281042EA007C460E /* MainTabBarViewController.swift */,
			);
			path = Core;
			sourceTree = "<group>";
		};
		47BB3B2C2827E31D0053EAE8 /* General */ = {
			isa = PBXGroup;
			children = (
				47BB3B292827E2E10053EAE8 /* SearchResultViewController.swift */,
				4702C9E7282C582700FF0E4B /* TitlePreviewViewController.swift */,
			);
			path = General;
			sourceTree = "<group>";
		};
/* End PBXGroup section */

/* Begin PBXNativeTarget section */
		4760109F281042EA007C460E /* Netflix Clone */ = {
			isa = PBXNativeTarget;
			buildConfigurationList = 476010B4281042EB007C460E /* Build configuration list for PBXNativeTarget "Netflix Clone" */;
			buildPhases = (
				4760109C281042EA007C460E /* Sources */,
				4760109D281042EA007C460E /* Frameworks */,
				4760109E281042EA007C460E /* Resources */,
			);
			buildRules = (
			);
			dependencies = (
			);
			name = "Netflix Clone";
			packageProductDependencies = (
				47A51DBE28159512001ED525 /* SDWebImage */,
				47A51DC028159512001ED525 /* SDWebImageMapKit */,
			);
			productName = "Netflix Clone";
			productReference = 476010A0281042EA007C460E /* Netflix Clone.app */;
			productType = "com.apple.product-type.application";
		};
/* End PBXNativeTarget section */

/* Begin PBXProject section */
		47601098281042EA007C460E /* Project object */ = {
			isa = PBXProject;
			attributes = {
				BuildIndependentTargetsInParallel = 1;
				LastSwiftUpdateCheck = 1330;
				LastUpgradeCheck = 1330;
				TargetAttributes = {
					4760109F281042EA007C460E = {
						CreatedOnToolsVersion = 13.3.1;
					};
				};
			};
			buildConfigurationList = 4760109B281042EA007C460E /* Build configuration list for PBXProject "Netflix Clone" */;
			compatibilityVersion = "Xcode 13.0";
			developmentRegion = en;
			hasScannedForEncodings = 0;
			knownRegions = (
				en,
				Base,
			);
			mainGroup = 47601097281042EA007C460E;
			packageReferences = (
				47A51DBD28159512001ED525 /* XCRemoteSwiftPackageReference "SDWebImage" */,
			);
			productRefGroup = 476010A1281042EA007C460E /* Products */;
			projectDirPath = "";
			projectRoot = "";
			targets = (
				4760109F281042EA007C460E /* Netflix Clone */,
			);
		};
/* End PBXProject section */

/* Begin PBXResourcesBuildPhase section */
		4760109E281042EA007C460E /* Resources */ = {
			isa = PBXResourcesBuildPhase;
			buildActionMask = 2147483647;
			files = (
				476010B0281042EB007C460E /* LaunchScreen.storyboard in Resources */,
				476010AD281042EB007C460E /* Assets.xcassets in Resources */,
			);
			runOnlyForDeploymentPostprocessing = 0;
		};
/* End PBXResourcesBuildPhase section */

/* Begin PBXSourcesBuildPhase section */
		4760109C281042EA007C460E /* Sources */ = {
			isa = PBXSourcesBuildPhase;
			buildActionMask = 2147483647;
			files = (
				4702C9EA282C5A9200FF0E4B /* TitlePreviewViewModel.swift in Sources */,
				476010BD28107D61007C460E /* SearchViewController.swift in Sources */,
				47A51DBC28158EE9001ED525 /* TitleCollectionViewCell.swift in Sources */,
				4702C9E8282C582700FF0E4B /* TitlePreviewViewController.swift in Sources */,
				47BB3B262826E5B50053EAE8 /* TitleTableViewCell.swift in Sources */,
				476010A8281042EA007C460E /* MainTabBarViewController.swift in Sources */,
				476010C62810835F007C460E /* CollectionViewTableViewCell.swift in Sources */,
				47F0029F281181FF00D02B41 /* APICaller.swift in Sources */,
				476010C828108800007C460E /* HeroHeaderUIView.swift in Sources */,
				47CD822C282D0B3100BD7D11 /* DataPersistenceManager.swift in Sources */,
				47CD822A282D0A1000BD7D11 /* NetflixCloneModel.xcdatamodeld in Sources */,
				47BB3B2A2827E2E10053EAE8 /* SearchResultViewController.swift in Sources */,
				4732A094282A92AF00A751EE /* YoutubeSearchResponse.swift in Sources */,
				476010BF28107D6A007C460E /* DownloadsViewController.swift in Sources */,
				476010A4281042EA007C460E /* AppDelegate.swift in Sources */,
				476010A6281042EA007C460E /* SceneDelegate.swift in Sources */,
				476010BB28107D59007C460E /* UpcomingViewController.swift in Sources */,
				47BB3B282826E9390053EAE8 /* TitleViewModel.swift in Sources */,
				47F002A1281185C800D02B41 /* Title.swift in Sources */,
				476010B928104956007C460E /* HomeViewController.swift in Sources */,
			);
			runOnlyForDeploymentPostprocessing = 0;
		};
/* End PBXSourcesBuildPhase section */

/* Begin PBXVariantGroup section */
		476010AE281042EB007C460E /* LaunchScreen.storyboard */ = {
			isa = PBXVariantGroup;
			children = (
				476010AF281042EB007C460E /* Base */,
			);
			name = LaunchScreen.storyboard;
			sourceTree = "<group>";
		};
/* End PBXVariantGroup section */

/* Begin XCBuildConfiguration section */
		476010B2281042EB007C460E /* Debug */ = {
			isa = XCBuildConfiguration;
			buildSettings = {
				ALWAYS_SEARCH_USER_PATHS = NO;
				CLANG_ANALYZER_NONNULL = YES;
				CLANG_ANALYZER_NUMBER_OBJECT_CONVERSION = YES_AGGRESSIVE;
				CLANG_CXX_LANGUAGE_STANDARD = "gnu++17";
				CLANG_ENABLE_MODULES = YES;
				CLANG_ENABLE_OBJC_ARC = YES;
				CLANG_ENABLE_OBJC_WEAK = YES;
				CLANG_WARN_BLOCK_CAPTURE_AUTORELEASING = YES;
				CLANG_WARN_BOOL_CONVERSION = YES;
				CLANG_WARN_COMMA = YES;
				CLANG_WARN_CONSTANT_CONVERSION = YES;
				CLANG_WARN_DEPRECATED_OBJC_IMPLEMENTATIONS = YES;
				CLANG_WARN_DIRECT_OBJC_ISA_USAGE = YES_ERROR;
				CLANG_WARN_DOCUMENTATION_COMMENTS = YES;
				CLANG_WARN_EMPTY_BODY = YES;
				CLANG_WARN_ENUM_CONVERSION = YES;
				CLANG_WARN_INFINITE_RECURSION = YES;
				CLANG_WARN_INT_CONVERSION = YES;
				CLANG_WARN_NON_LITERAL_NULL_CONVERSION = YES;
				CLANG_WARN_OBJC_IMPLICIT_RETAIN_SELF = YES;
				CLANG_WARN_OBJC_LITERAL_CONVERSION = YES;
				CLANG_WARN_OBJC_ROOT_CLASS = YES_ERROR;
				CLANG_WARN_QUOTED_INCLUDE_IN_FRAMEWORK_HEADER = YES;
				CLANG_WARN_RANGE_LOOP_ANALYSIS = YES;
				CLANG_WARN_STRICT_PROTOTYPES = YES;
				CLANG_WARN_SUSPICIOUS_MOVE = YES;
				CLANG_WARN_UNGUARDED_AVAILABILITY = YES_AGGRESSIVE;
				CLANG_WARN_UNREACHABLE_CODE = YES;
				CLANG_WARN__DUPLICATE_METHOD_MATCH = YES;
				COPY_PHASE_STRIP = NO;
				DEBUG_INFORMATION_FORMAT = dwarf;
				ENABLE_STRICT_OBJC_MSGSEND = YES;
				ENABLE_TESTABILITY = YES;
				GCC_C_LANGUAGE_STANDARD = gnu11;
				GCC_DYNAMIC_NO_PIC = NO;
				GCC_NO_COMMON_BLOCKS = YES;
				GCC_OPTIMIZATION_LEVEL = 0;
				GCC_PREPROCESSOR_DEFINITIONS = (
					"DEBUG=1",
					"$(inherited)",
				);
				GCC_WARN_64_TO_32_BIT_CONVERSION = YES;
				GCC_WARN_ABOUT_RETURN_TYPE = YES_ERROR;
				GCC_WARN_UNDECLARED_SELECTOR = YES;
				GCC_WARN_UNINITIALIZED_AUTOS = YES_AGGRESSIVE;
				GCC_WARN_UNUSED_FUNCTION = YES;
				GCC_WARN_UNUSED_VARIABLE = YES;
				IPHONEOS_DEPLOYMENT_TARGET = 15.4;
				MTL_ENABLE_DEBUG_INFO = INCLUDE_SOURCE;
				MTL_FAST_MATH = YES;
				ONLY_ACTIVE_ARCH = YES;
				SDKROOT = iphoneos;
				SWIFT_ACTIVE_COMPILATION_CONDITIONS = DEBUG;
				SWIFT_OPTIMIZATION_LEVEL = "-Onone";
			};
			name = Debug;
		};
		476010B3281042EB007C460E /* Release */ = {
			isa = XCBuildConfiguration;
			buildSettings = {
				ALWAYS_SEARCH_USER_PATHS = NO;
				CLANG_ANALYZER_NONNULL = YES;
				CLANG_ANALYZER_NUMBER_OBJECT_CONVERSION = YES_AGGRESSIVE;
				CLANG_CXX_LANGUAGE_STANDARD = "gnu++17";
				CLANG_ENABLE_MODULES = YES;
				CLANG_ENABLE_OBJC_ARC = YES;
				CLANG_ENABLE_OBJC_WEAK = YES;
				CLANG_WARN_BLOCK_CAPTURE_AUTORELEASING = YES;
				CLANG_WARN_BOOL_CONVERSION = YES;
				CLANG_WARN_COMMA = YES;
				CLANG_WARN_CONSTANT_CONVERSION = YES;
				CLANG_WARN_DEPRECATED_OBJC_IMPLEMENTATIONS = YES;
				CLANG_WARN_DIRECT_OBJC_ISA_USAGE = YES_ERROR;
				CLANG_WARN_DOCUMENTATION_COMMENTS = YES;
				CLANG_WARN_EMPTY_BODY = YES;
				CLANG_WARN_ENUM_CONVERSION = YES;
				CLANG_WARN_INFINITE_RECURSION = YES;
				CLANG_WARN_INT_CONVERSION = YES;
				CLANG_WARN_NON_LITERAL_NULL_CONVERSION = YES;
				CLANG_WARN_OBJC_IMPLICIT_RETAIN_SELF = YES;
				CLANG_WARN_OBJC_LITERAL_CONVERSION = YES;
				CLANG_WARN_OBJC_ROOT_CLASS = YES_ERROR;
				CLANG_WARN_QUOTED_INCLUDE_IN_FRAMEWORK_HEADER = YES;
				CLANG_WARN_RANGE_LOOP_ANALYSIS = YES;
				CLANG_WARN_STRICT_PROTOTYPES = YES;
				CLANG_WARN_SUSPICIOUS_MOVE = YES;
				CLANG_WARN_UNGUARDED_AVAILABILITY = YES_AGGRESSIVE;
				CLANG_WARN_UNREACHABLE_CODE = YES;
				CLANG_WARN__DUPLICATE_METHOD_MATCH = YES;
				COPY_PHASE_STRIP = NO;
				DEBUG_INFORMATION_FORMAT = "dwarf-with-dsym";
				ENABLE_NS_ASSERTIONS = NO;
				ENABLE_STRICT_OBJC_MSGSEND = YES;
				GCC_C_LANGUAGE_STANDARD = gnu11;
				GCC_NO_COMMON_BLOCKS = YES;
				GCC_WARN_64_TO_32_BIT_CONVERSION = YES;
				GCC_WARN_ABOUT_RETURN_TYPE = YES_ERROR;
				GCC_WARN_UNDECLARED_SELECTOR = YES;
				GCC_WARN_UNINITIALIZED_AUTOS = YES_AGGRESSIVE;
				GCC_WARN_UNUSED_FUNCTION = YES;
				GCC_WARN_UNUSED_VARIABLE = YES;
				IPHONEOS_DEPLOYMENT_TARGET = 15.4;
				MTL_ENABLE_DEBUG_INFO = NO;
				MTL_FAST_MATH = YES;
				SDKROOT = iphoneos;
				SWIFT_COMPILATION_MODE = wholemodule;
				SWIFT_OPTIMIZATION_LEVEL = "-O";
				VALIDATE_PRODUCT = YES;
			};
			name = Release;
		};
		476010B5281042EB007C460E /* Debug */ = {
			isa = XCBuildConfiguration;
			buildSettings = {
				ASSETCATALOG_COMPILER_APPICON_NAME = AppIcon;
				ASSETCATALOG_COMPILER_GLOBAL_ACCENT_COLOR_NAME = AccentColor;
				CODE_SIGN_STYLE = Automatic;
				CURRENT_PROJECT_VERSION = 1;
				DEVELOPMENT_TEAM = W8YZQLY66R;
				GENERATE_INFOPLIST_FILE = YES;
				INFOPLIST_FILE = "Netflix Clone/Info.plist";
				INFOPLIST_KEY_UIApplicationSupportsIndirectInputEvents = YES;
				INFOPLIST_KEY_UILaunchStoryboardName = LaunchScreen;
				INFOPLIST_KEY_UISupportedInterfaceOrientations_iPad = "UIInterfaceOrientationPortrait UIInterfaceOrientationPortraitUpsideDown UIInterfaceOrientationLandscapeLeft UIInterfaceOrientationLandscapeRight";
				INFOPLIST_KEY_UISupportedInterfaceOrientations_iPhone = "UIInterfaceOrientationPortrait UIInterfaceOrientationLandscapeLeft UIInterfaceOrientationLandscapeRight";
				LD_RUNPATH_SEARCH_PATHS = (
					"$(inherited)",
					"@executable_path/Frameworks",
				);
				MARKETING_VERSION = 1.0;
				PRODUCT_BUNDLE_IDENTIFIER = "batuunverdi.Netflix-Clone";
				PRODUCT_NAME = "$(TARGET_NAME)";
				SWIFT_EMIT_LOC_STRINGS = YES;
				SWIFT_VERSION = 5.0;
				TARGETED_DEVICE_FAMILY = "1,2";
			};
			name = Debug;
		};
		476010B6281042EB007C460E /* Release */ = {
			isa = XCBuildConfiguration;
			buildSettings = {
				ASSETCATALOG_COMPILER_APPICON_NAME = AppIcon;
				ASSETCATALOG_COMPILER_GLOBAL_ACCENT_COLOR_NAME = AccentColor;
				CODE_SIGN_STYLE = Automatic;
				CURRENT_PROJECT_VERSION = 1;
				DEVELOPMENT_TEAM = W8YZQLY66R;
				GENERATE_INFOPLIST_FILE = YES;
				INFOPLIST_FILE = "Netflix Clone/Info.plist";
				INFOPLIST_KEY_UIApplicationSupportsIndirectInputEvents = YES;
				INFOPLIST_KEY_UILaunchStoryboardName = LaunchScreen;
				INFOPLIST_KEY_UISupportedInterfaceOrientations_iPad = "UIInterfaceOrientationPortrait UIInterfaceOrientationPortraitUpsideDown UIInterfaceOrientationLandscapeLeft UIInterfaceOrientationLandscapeRight";
				INFOPLIST_KEY_UISupportedInterfaceOrientations_iPhone = "UIInterfaceOrientationPortrait UIInterfaceOrientationLandscapeLeft UIInterfaceOrientationLandscapeRight";
				LD_RUNPATH_SEARCH_PATHS = (
					"$(inherited)",
					"@executable_path/Frameworks",
				);
				MARKETING_VERSION = 1.0;
				PRODUCT_BUNDLE_IDENTIFIER = "batuunverdi.Netflix-Clone";
				PRODUCT_NAME = "$(TARGET_NAME)";
				SWIFT_EMIT_LOC_STRINGS = YES;
				SWIFT_VERSION = 5.0;
				TARGETED_DEVICE_FAMILY = "1,2";
			};
			name = Release;
		};
/* End XCBuildConfiguration section */

/* Begin XCConfigurationList section */
		4760109B281042EA007C460E /* Build configuration list for PBXProject "Netflix Clone" */ = {
			isa = XCConfigurationList;
			buildConfigurations = (
				476010B2281042EB007C460E /* Debug */,
				476010B3281042EB007C460E /* Release */,
			);
			defaultConfigurationIsVisible = 0;
			defaultConfigurationName = Release;
		};
		476010B4281042EB007C460E /* Build configuration list for PBXNativeTarget "Netflix Clone" */ = {
			isa = XCConfigurationList;
			buildConfigurations = (
				476010B5281042EB007C460E /* Debug */,
				476010B6281042EB007C460E /* Release */,
			);
			defaultConfigurationIsVisible = 0;
			defaultConfigurationName = Release;
		};
/* End XCConfigurationList section */

/* Begin XCRemoteSwiftPackageReference section */
		47A51DBD28159512001ED525 /* XCRemoteSwiftPackageReference "SDWebImage" */ = {
			isa = XCRemoteSwiftPackageReference;
			repositoryURL = "https://github.com/SDWebImage/SDWebImage.git";
			requirement = {
				kind = upToNextMajorVersion;
				minimumVersion = 5.0.0;
			};
		};
/* End XCRemoteSwiftPackageReference section */

/* Begin XCSwiftPackageProductDependency section */
		47A51DBE28159512001ED525 /* SDWebImage */ = {
			isa = XCSwiftPackageProductDependency;
			package = 47A51DBD28159512001ED525 /* XCRemoteSwiftPackageReference "SDWebImage" */;
			productName = SDWebImage;
		};
		47A51DC028159512001ED525 /* SDWebImageMapKit */ = {
			isa = XCSwiftPackageProductDependency;
			package = 47A51DBD28159512001ED525 /* XCRemoteSwiftPackageReference "SDWebImage" */;
			productName = SDWebImageMapKit;
		};
/* End XCSwiftPackageProductDependency section */

/* Begin XCVersionGroup section */
		47CD8228282D0A1000BD7D11 /* NetflixCloneModel.xcdatamodeld */ = {
			isa = XCVersionGroup;
			children = (
				47CD8229282D0A1000BD7D11 /* NetflixCloneModel.xcdatamodel */,
			);
			currentVersion = 47CD8229282D0A1000BD7D11 /* NetflixCloneModel.xcdatamodel */;
			path = NetflixCloneModel.xcdatamodeld;
			sourceTree = "<group>";
			versionGroupType = wrapper.xcdatamodel;
		};
/* End XCVersionGroup section */
	};
	rootObject = 47601098281042EA007C460E /* Project object */;
}
